
Microsoft Visual Studio Solution File, Format Version 12.00
# Visual Studio 15
VisualStudioVersion = 15.0.27004.2008
MinimumVisualStudioVersion = 10.0.40219.1
Project("{FAE04EC0-301F-11D3-BF4B-00C04F79EFBC}") = "YoungEnterprise_Admin_Application", "YoungEnterprise_Admin_Application.csproj", "{32E0AECA-62AB-45F9-8D17-AE5815C94925}"
EndProject
Project("{9A19103F-16F7-4668-BE54-9A1E7A4F7556}") = "Service", "..\Service\Service\Service.csproj", "{F44A0950-8852-42AD-8824-47051B8E741F}"
EndProject
Project("{9A19103F-16F7-4668-BE54-9A1E7A4F7556}") = "ServiceTest", "..\Service\ServiceTest\ServiceTest.csproj", "{957A682E-D4C8-41C5-A7E8-F0A43DAC252D}"
EndProject
Global
	GlobalSection(SolutionConfigurationPlatforms) = preSolution
		Debug|Any CPU = Debug|Any CPU
		Release|Any CPU = Release|Any CPU
	EndGlobalSection
	GlobalSection(ProjectConfigurationPlatforms) = postSolution
		{32E0AECA-62AB-45F9-8D17-AE5815C94925}.Debug|Any CPU.ActiveCfg = Debug|Any CPU
		{32E0AECA-62AB-45F9-8D17-AE5815C94925}.Debug|Any CPU.Build.0 = Debug|Any CPU
		{32E0AECA-62AB-45F9-8D17-AE5815C94925}.Release|Any CPU.ActiveCfg = Release|Any CPU
		{32E0AECA-62AB-45F9-8D17-AE5815C94925}.Release|Any CPU.Build.0 = Release|Any CPU
		{F44A0950-8852-42AD-8824-47051B8E741F}.Debug|Any CPU.ActiveCfg = Debug|Any CPU
		{F44A0950-8852-42AD-8824-47051B8E741F}.Debug|Any CPU.Build.0 = Debug|Any CPU
		{F44A0950-8852-42AD-8824-47051B8E741F}.Release|Any CPU.ActiveCfg = Release|Any CPU
		{F44A0950-8852-42AD-8824-47051B8E741F}.Release|Any CPU.Build.0 = Release|Any CPU
		{957A682E-D4C8-41C5-A7E8-F0A43DAC252D}.Debug|Any CPU.ActiveCfg = Debug|Any CPU
		{957A682E-D4C8-41C5-A7E8-F0A43DAC252D}.Debug|Any CPU.Build.0 = Debug|Any CPU
		{957A682E-D4C8-41C5-A7E8-F0A43DAC252D}.Release|Any CPU.ActiveCfg = Release|Any CPU
		{957A682E-D4C8-41C5-A7E8-F0A43DAC252D}.Release|Any CPU.Build.0 = Release|Any CPU
	EndGlobalSection
	GlobalSection(SolutionProperties) = preSolution
		HideSolutionNode = FALSE
	EndGlobalSection
	GlobalSection(ExtensibilityGlobals) = postSolution
		SolutionGuid = {EFD11D4F-269A-4D24-8A24-524B05545868}
	EndGlobalSection
EndGlobal
